// !$*UTF8*$!
{
	archiveVersion = 1;
	classes = {
	};
	objectVersion = 48;
	objects = {

/* Begin PBXBuildFile section */
		3C0EFDC71F9360AF00973D89 /* main.cpp in Sources */ = {isa = PBXBuildFile; fileRef = 3C0EFDBC1F9360AE00973D89 /* main.cpp */; };
		3C0EFDC81F9360AF00973D89 /* Player.cpp in Sources */ = {isa = PBXBuildFile; fileRef = 3C0EFDBD1F9360AE00973D89 /* Player.cpp */; };
		3C0EFDC91F9360AF00973D89 /* Arena.cpp in Sources */ = {isa = PBXBuildFile; fileRef = 3C0EFDBF1F9360AE00973D89 /* Arena.cpp */; };
		3C0EFDCA1F9360AF00973D89 /* Utilities.cpp in Sources */ = {isa = PBXBuildFile; fileRef = 3C0EFDC11F9360AF00973D89 /* Utilities.cpp */; };
		3C0EFDCB1F9360AF00973D89 /* Game.cpp in Sources */ = {isa = PBXBuildFile; fileRef = 3C0EFDC21F9360AF00973D89 /* Game.cpp */; };
		3C0EFDCC1F9360AF00973D89 /* Robot.cpp in Sources */ = {isa = PBXBuildFile; fileRef = 3C0EFDC51F9360AF00973D89 /* Robot.cpp */; };
/* End PBXBuildFile section */

/* Begin PBXCopyFilesBuildPhase section */
		3C0EFD9F1F93601C00973D89 /* CopyFiles */ = {
			isa = PBXCopyFilesBuildPhase;
			buildActionMask = 2147483647;
			dstPath = /usr/share/man/man1/;
			dstSubfolderSpec = 0;
			files = (
			);
			runOnlyForDeploymentPostprocessing = 1;
		};
/* End PBXCopyFilesBuildPhase section */

/* Begin PBXFileReference section */
		3C0EFDA11F93601C00973D89 /* TheBattleForZion */ = {isa = PBXFileReference; explicitFileType = "compiled.mach-o.executable"; includeInIndex = 0; path = TheBattleForZion; sourceTree = BUILT_PRODUCTS_DIR; };
		3C0EFDBC1F9360AE00973D89 /* main.cpp */ = {isa = PBXFileReference; fileEncoding = 4; lastKnownFileType = sourcecode.cpp.cpp; path = main.cpp; sourceTree = "<group>"; };
		3C0EFDBD1F9360AE00973D89 /* Player.cpp */ = {isa = PBXFileReference; fileEncoding = 4; lastKnownFileType = sourcecode.cpp.cpp; path = Player.cpp; sourceTree = "<group>"; };
		3C0EFDBE1F9360AE00973D89 /* Game.h */ = {isa = PBXFileReference; fileEncoding = 4; lastKnownFileType = sourcecode.c.h; path = Game.h; sourceTree = "<group>"; };
		3C0EFDBF1F9360AE00973D89 /* Arena.cpp */ = {isa = PBXFileReference; fileEncoding = 4; lastKnownFileType = sourcecode.cpp.cpp; path = Arena.cpp; sourceTree = "<group>"; };
		3C0EFDC01F9360AF00973D89 /* Arena.h */ = {isa = PBXFileReference; fileEncoding = 4; lastKnownFileType = sourcecode.c.h; path = Arena.h; sourceTree = "<group>"; };
		3C0EFDC11F9360AF00973D89 /* Utilities.cpp */ = {isa = PBXFileReference; fileEncoding = 4; lastKnownFileType = sourcecode.cpp.cpp; path = Utilities.cpp; sourceTree = "<group>"; };
		3C0EFDC21F9360AF00973D89 /* Game.cpp */ = {isa = PBXFileReference; fileEncoding = 4; lastKnownFileType = sourcecode.cpp.cpp; path = Game.cpp; sourceTree = "<group>"; };
		3C0EFDC31F9360AF00973D89 /* Player.h */ = {isa = PBXFileReference; fileEncoding = 4; lastKnownFileType = sourcecode.c.h; path = Player.h; sourceTree = "<group>"; };
		3C0EFDC41F9360AF00973D89 /* Globals.h */ = {isa = PBXFileReference; fileEncoding = 4; lastKnownFileType = sourcecode.c.h; path = Globals.h; sourceTree = "<group>"; };
		3C0EFDC51F9360AF00973D89 /* Robot.cpp */ = {isa = PBXFileReference; fileEncoding = 4; lastKnownFileType = sourcecode.cpp.cpp; path = Robot.cpp; sourceTree = "<group>"; };
		3C0EFDC61F9360AF00973D89 /* Robot.h */ = {isa = PBXFileReference; fileEncoding = 4; lastKnownFileType = sourcecode.c.h; path = Robot.h; sourceTree = "<group>"; };
/* End PBXFileReference section */

/* Begin PBXFrameworksBuildPhase section */
		3C0EFD9E1F93601C00973D89 /* Frameworks */ = {
			isa = PBXFrameworksBuildPhase;
			buildActionMask = 2147483647;
			files = (
			);
			runOnlyForDeploymentPostprocessing = 0;
		};
/* End PBXFrameworksBuildPhase section */

/* Begin PBXGroup section */
		3C0EFD981F93601C00973D89 = {
			isa = PBXGroup;
			children = (
				3C0EFDA31F93601C00973D89 /* TheBattleForZion */,
				3C0EFDA21F93601C00973D89 /* Products */,
			);
			sourceTree = "<group>";
		};
		3C0EFDA21F93601C00973D89 /* Products */ = {
			isa = PBXGroup;
			children = (
				3C0EFDA11F93601C00973D89 /* TheBattleForZion */,
			);
			name = Products;
			sourceTree = "<group>";
		};
		3C0EFDA31F93601C00973D89 /* TheBattleForZion */ = {
			isa = PBXGroup;
			children = (
				3C0EFDBF1F9360AE00973D89 /* Arena.cpp */,
				3C0EFDC01F9360AF00973D89 /* Arena.h */,
				3C0EFDC21F9360AF00973D89 /* Game.cpp */,
				3C0EFDBE1F9360AE00973D89 /* Game.h */,
				3C0EFDC41F9360AF00973D89 /* Globals.h */,
				3C0EFDBC1F9360AE00973D89 /* main.cpp */,
				3C0EFDBD1F9360AE00973D89 /* Player.cpp */,
				3C0EFDC31F9360AF00973D89 /* Player.h */,
				3C0EFDC51F9360AF00973D89 /* Robot.cpp */,
				3C0EFDC61F9360AF00973D89 /* Robot.h */,
				3C0EFDC11F9360AF00973D89 /* Utilities.cpp */,
			);
			path = TheBattleForZion;
			sourceTree = "<group>";
		};
/* End PBXGroup section */

/* Begin PBXNativeTarget section */
		3C0EFDA01F93601C00973D89 /* TheBattleForZion */ = {
			isa = PBXNativeTarget;
			buildConfigurationList = 3C0EFDA81F93601C00973D89 /* Build configuration list for PBXNativeTarget "TheBattleForZion" */;
			buildPhases = (
				3C0EFD9D1F93601C00973D89 /* Sources */,
				3C0EFD9E1F93601C00973D89 /* Frameworks */,
				3C0EFD9F1F93601C00973D89 /* CopyFiles */,
			);
			buildRules = (
			);
			dependencies = (
			);
			name = TheBattleForZion;
			productName = TheBattleForZion;
			productReference = 3C0EFDA11F93601C00973D89 /* TheBattleForZion */;
			productType = "com.apple.product-type.tool";
		};
/* End PBXNativeTarget section */

/* Begin PBXProject section */
		3C0EFD991F93601C00973D89 /* Project object */ = {
			isa = PBXProject;
			attributes = {
				LastUpgradeCheck = 0900;
				ORGANIZATIONNAME = "Joseph Barbosa";
				TargetAttributes = {
					3C0EFDA01F93601C00973D89 = {
						CreatedOnToolsVersion = 9.0;
						ProvisioningStyle = Automatic;
					};
				};
			};
			buildConfigurationList = 3C0EFD9C1F93601C00973D89 /* Build configuration list for PBXProject "TheBattleForZion" */;
			compatibilityVersion = "Xcode 8.0";
			developmentRegion = en;
			hasScannedForEncodings = 0;
			knownRegions = (
				en,
			);
			mainGroup = 3C0EFD981F93601C00973D89;
			productRefGroup = 3C0EFDA21F93601C00973D89 /* Products */;
			projectDirPath = "";
			projectRoot = "";
			targets = (
				3C0EFDA01F93601C00973D89 /* TheBattleForZion */,
			);
		};
/* End PBXProject section */

/* Begin PBXSourcesBuildPhase section */
		3C0EFD9D1F93601C00973D89 /* Sources */ = {
			isa = PBXSourcesBuildPhase;
			buildActionMask = 2147483647;
			files = (
				3C0EFDC81F9360AF00973D89 /* Player.cpp in Sources */,
				3C0EFDC71F9360AF00973D89 /* main.cpp in Sources */,
				3C0EFDCA1F9360AF00973D89 /* Utilities.cpp in Sources */,
				3C0EFDC91F9360AF00973D89 /* Arena.cpp in Sources */,
				3C0EFDCC1F9360AF00973D89 /* Robot.cpp in Sources */,
				3C0EFDCB1F9360AF00973D89 /* Game.cpp in Sources */,
			);
			runOnlyForDeploymentPostprocessing = 0;
		};
/* End PBXSourcesBuildPhase section */

/* Begin XCBuildConfiguration section */
		3C0EFDA61F93601C00973D89 /* Debug */ = {
			isa = XCBuildConfiguration;
			buildSettings = {
				ALWAYS_SEARCH_USER_PATHS = NO;
				CLANG_ANALYZER_NONNULL = YES;
				CLANG_ANALYZER_NUMBER_OBJECT_CONVERSION = YES_AGGRESSIVE;
				CLANG_CXX_LANGUAGE_STANDARD = "gnu++14";
				CLANG_CXX_LIBRARY = "libc++";
				CLANG_ENABLE_MODULES = YES;
				CLANG_ENABLE_OBJC_ARC = YES;
				CLANG_WARN_BLOCK_CAPTURE_AUTORELEASING = YES;
				CLANG_WARN_BOOL_CONVERSION = YES;
				CLANG_WARN_COMMA = YES;
				CLANG_WARN_CONSTANT_CONVERSION = YES;
				CLANG_WARN_DIRECT_OBJC_ISA_USAGE = YES_ERROR;
				CLANG_WARN_DOCUMENTATION_COMMENTS = YES;
				CLANG_WARN_EMPTY_BODY = YES;
				CLANG_WARN_ENUM_CONVERSION = YES;
				CLANG_WARN_INFINITE_RECURSION = YES;
				CLANG_WARN_INT_CONVERSION = YES;
				CLANG_WARN_NON_LITERAL_NULL_CONVERSION = YES;
				CLANG_WARN_OBJC_LITERAL_CONVERSION = YES;
				CLANG_WARN_OBJC_ROOT_CLASS = YES_ERROR;
				CLANG_WARN_RANGE_LOOP_ANALYSIS = YES;
				CLANG_WARN_STRICT_PROTOTYPES = YES;
				CLANG_WARN_SUSPICIOUS_MOVE = YES;
				CLANG_WARN_UNGUARDED_AVAILABILITY = YES_AGGRESSIVE;
				CLANG_WARN_UNREACHABLE_CODE = YES;
				CLANG_WARN__DUPLICATE_METHOD_MATCH = YES;
				CODE_SIGN_IDENTITY = "-";
				COPY_PHASE_STRIP = NO;
				DEBUG_INFORMATION_FORMAT = dwarf;
				ENABLE_STRICT_OBJC_MSGSEND = YES;
				ENABLE_TESTABILITY = YES;
				GCC_C_LANGUAGE_STANDARD = gnu11;
				GCC_DYNAMIC_NO_PIC = NO;
				GCC_NO_COMMON_BLOCKS = YES;
				GCC_OPTIMIZATION_LEVEL = 0;
				GCC_PREPROCESSOR_DEFINITIONS = (
					"DEBUG=1",
					"$(inherited)",
				);
				GCC_WARN_64_TO_32_BIT_CONVERSION = YES;
				GCC_WARN_ABOUT_RETURN_TYPE = YES_ERROR;
				GCC_WARN_UNDECLARED_SELECTOR = YES;
				GCC_WARN_UNINITIALIZED_AUTOS = YES_AGGRESSIVE;
				GCC_WARN_UNUSED_FUNCTION = YES;
				GCC_WARN_UNUSED_VARIABLE = YES;
				MACOSX_DEPLOYMENT_TARGET = 10.13;
				MTL_ENABLE_DEBUG_INFO = YES;
				ONLY_ACTIVE_ARCH = YES;
				SDKROOT = macosx;
			};
			name = Debug;
		};
		3C0EFDA71F93601C00973D89 /* Release */ = {
			isa = XCBuildConfiguration;
			buildSettings = {
				ALWAYS_SEARCH_USER_PATHS = NO;
				CLANG_ANALYZER_NONNULL = YES;
				CLANG_ANALYZER_NUMBER_OBJECT_CONVERSION = YES_AGGRESSIVE;
				CLANG_CXX_LANGUAGE_STANDARD = "gnu++14";
				CLANG_CXX_LIBRARY = "libc++";
				CLANG_ENABLE_MODULES = YES;
				CLANG_ENABLE_OBJC_ARC = YES;
				CLANG_WARN_BLOCK_CAPTURE_AUTORELEASING = YES;
				CLANG_WARN_BOOL_CONVERSION = YES;
				CLANG_WARN_COMMA = YES;
				CLANG_WARN_CONSTANT_CONVERSION = YES;
				CLANG_WARN_DIRECT_OBJC_ISA_USAGE = YES_ERROR;
				CLANG_WARN_DOCUMENTATION_COMMENTS = YES;
				CLANG_WARN_EMPTY_BODY = YES;
				CLANG_WARN_ENUM_CONVERSION = YES;
				CLANG_WARN_INFINITE_RECURSION = YES;
				CLANG_WARN_INT_CONVERSION = YES;
				CLANG_WARN_NON_LITERAL_NULL_CONVERSION = YES;
				CLANG_WARN_OBJC_LITERAL_CONVERSION = YES;
				CLANG_WARN_OBJC_ROOT_CLASS = YES_ERROR;
				CLANG_WARN_RANGE_LOOP_ANALYSIS = YES;
				CLANG_WARN_STRICT_PROTOTYPES = YES;
				CLANG_WARN_SUSPICIOUS_MOVE = YES;
				CLANG_WARN_UNGUARDED_AVAILABILITY = YES_AGGRESSIVE;
				CLANG_WARN_UNREACHABLE_CODE = YES;
				CLANG_WARN__DUPLICATE_METHOD_MATCH = YES;
				CODE_SIGN_IDENTITY = "-";
				COPY_PHASE_STRIP = NO;
				DEBUG_INFORMATION_FORMAT = "dwarf-with-dsym";
				ENABLE_NS_ASSERTIONS = NO;
				ENABLE_STRICT_OBJC_MSGSEND = YES;
				GCC_C_LANGUAGE_STANDARD = gnu11;
				GCC_NO_COMMON_BLOCKS = YES;
				GCC_WARN_64_TO_32_BIT_CONVERSION = YES;
				GCC_WARN_ABOUT_RETURN_TYPE = YES_ERROR;
				GCC_WARN_UNDECLARED_SELECTOR = YES;
				GCC_WARN_UNINITIALIZED_AUTOS = YES_AGGRESSIVE;
				GCC_WARN_UNUSED_FUNCTION = YES;
				GCC_WARN_UNUSED_VARIABLE = YES;
				MACOSX_DEPLOYMENT_TARGET = 10.13;
				MTL_ENABLE_DEBUG_INFO = NO;
				SDKROOT = macosx;
			};
			name = Release;
		};
		3C0EFDA91F93601C00973D89 /* Debug */ = {
			isa = XCBuildConfiguration;
			buildSettings = {
				CODE_SIGN_STYLE = Automatic;
				PRODUCT_NAME = "$(TARGET_NAME)";
			};
			name = Debug;
		};
		3C0EFDAA1F93601C00973D89 /* Release */ = {
			isa = XCBuildConfiguration;
			buildSettings = {
				CODE_SIGN_STYLE = Automatic;
				PRODUCT_NAME = "$(TARGET_NAME)";
			};
			name = Release;
		};
/* End XCBuildConfiguration section */

/* Begin XCConfigurationList section */
		3C0EFD9C1F93601C00973D89 /* Build configuration list for PBXProject "TheBattleForZion" */ = {
			isa = XCConfigurationList;
			buildConfigurations = (
				3C0EFDA61F93601C00973D89 /* Debug */,
				3C0EFDA71F93601C00973D89 /* Release */,
			);
			defaultConfigurationIsVisible = 0;
			defaultConfigurationName = Release;
		};
		3C0EFDA81F93601C00973D89 /* Build configuration list for PBXNativeTarget "TheBattleForZion" */ = {
			isa = XCConfigurationList;
			buildConfigurations = (
				3C0EFDA91F93601C00973D89 /* Debug */,
				3C0EFDAA1F93601C00973D89 /* Release */,
			);
			defaultConfigurationIsVisible = 0;
			defaultConfigurationName = Release;
		};
/* End XCConfigurationList section */
	};
	rootObject = 3C0EFD991F93601C00973D89 /* Project object */;
}
